
Microsoft Visual Studio Solution File, Format Version 12.00
# Visual Studio 15
VisualStudioVersion = 15.0.27004.2002
MinimumVisualStudioVersion = 10.0.40219.1
Project("{8BC9CEB8-8B4A-11D0-8D11-00A0C91BC942}") = "Tools", "Tools\Tools.vcxproj", "{7DB3341E-F590-4A01-996C-512CDDABB451}"
EndProject
Project("{8BC9CEB8-8B4A-11D0-8D11-00A0C91BC942}") = "Atmosphere", "Atmosphere\Atmosphere.vcxproj", "{A66235D7-E560-4CA8-B4B0-269BCEEF20DE}"
EndProject
Project("{8BC9CEB8-8B4A-11D0-8D11-00A0C91BC942}") = "Executive", "Executive\Executive.vcxproj", "{841E57F4-7571-4C9B-8797-4555B3B774DC}"
	ProjectSection(ProjectDependencies) = postProject
		{7DB3341E-F590-4A01-996C-512CDDABB451} = {7DB3341E-F590-4A01-996C-512CDDABB451}
		{A66235D7-E560-4CA8-B4B0-269BCEEF20DE} = {A66235D7-E560-4CA8-B4B0-269BCEEF20DE}
	EndProjectSection
EndProject
Global
	GlobalSection(SolutionConfigurationPlatforms) = preSolution
		Debug|x64 = Debug|x64
		Debug|x86 = Debug|x86
		Release|x64 = Release|x64
		Release|x86 = Release|x86
	EndGlobalSection
	GlobalSection(ProjectConfigurationPlatforms) = postSolution
		{7DB3341E-F590-4A01-996C-512CDDABB451}.Debug|x64.ActiveCfg = Debug|x64
		{7DB3341E-F590-4A01-996C-512CDDABB451}.Debug|x64.Build.0 = Debug|x64
		{7DB3341E-F590-4A01-996C-512CDDABB451}.Debug|x86.ActiveCfg = Debug|Win32
		{7DB3341E-F590-4A01-996C-512CDDABB451}.Debug|x86.Build.0 = Debug|Win32
		{7DB3341E-F590-4A01-996C-512CDDABB451}.Release|x64.ActiveCfg = Release|x64
		{7DB3341E-F590-4A01-996C-512CDDABB451}.Release|x64.Build.0 = Release|x64
		{7DB3341E-F590-4A01-996C-512CDDABB451}.Release|x86.ActiveCfg = Release|Win32
		{7DB3341E-F590-4A01-996C-512CDDABB451}.Release|x86.Build.0 = Release|Win32
		{A66235D7-E560-4CA8-B4B0-269BCEEF20DE}.Debug|x64.ActiveCfg = Debug|x64
		{A66235D7-E560-4CA8-B4B0-269BCEEF20DE}.Debug|x64.Build.0 = Debug|x64
		{A66235D7-E560-4CA8-B4B0-269BCEEF20DE}.Debug|x86.ActiveCfg = Debug|Win32
		{A66235D7-E560-4CA8-B4B0-269BCEEF20DE}.Debug|x86.Build.0 = Debug|Win32
		{A66235D7-E560-4CA8-B4B0-269BCEEF20DE}.Release|x64.ActiveCfg = Release|x64
		{A66235D7-E560-4CA8-B4B0-269BCEEF20DE}.Release|x64.Build.0 = Release|x64
		{A66235D7-E560-4CA8-B4B0-269BCEEF20DE}.Release|x86.ActiveCfg = Release|Win32
		{A66235D7-E560-4CA8-B4B0-269BCEEF20DE}.Release|x86.Build.0 = Release|Win32
		{841E57F4-7571-4C9B-8797-4555B3B774DC}.Debug|x64.ActiveCfg = Debug|x64
		{841E57F4-7571-4C9B-8797-4555B3B774DC}.Debug|x64.Build.0 = Debug|x64
		{841E57F4-7571-4C9B-8797-4555B3B774DC}.Debug|x86.ActiveCfg = Debug|Win32
		{841E57F4-7571-4C9B-8797-4555B3B774DC}.Debug|x86.Build.0 = Debug|Win32
		{841E57F4-7571-4C9B-8797-4555B3B774DC}.Release|x64.ActiveCfg = Release|x64
		{841E57F4-7571-4C9B-8797-4555B3B774DC}.Release|x64.Build.0 = Release|x64
		{841E57F4-7571-4C9B-8797-4555B3B774DC}.Release|x86.ActiveCfg = Release|Win32
		{841E57F4-7571-4C9B-8797-4555B3B774DC}.Release|x86.Build.0 = Release|Win32
	EndGlobalSection
	GlobalSection(SolutionProperties) = preSolution
		HideSolutionNode = FALSE
	EndGlobalSection
	GlobalSection(ExtensibilityGlobals) = postSolution
		SolutionGuid = {EE5682CB-17DB-4739-B637-AE423DB3C65B}
	EndGlobalSection
EndGlobal
